// !$*UTF8*$!
{
	archiveVersion = 1;
	classes = {
	};
	objectVersion = 46;
	objects = {

/* Begin PBXBuildFile section */
		01B6869C1CD86D5E00FA2321 /* AppDelegate.swift in Sources */ = {isa = PBXBuildFile; fileRef = 01B6869B1CD86D5E00FA2321 /* AppDelegate.swift */; };
		01B6869E1CD86D5E00FA2321 /* ViewController.swift in Sources */ = {isa = PBXBuildFile; fileRef = 01B6869D1CD86D5E00FA2321 /* ViewController.swift */; };
		01B686A11CD86D5E00FA2321 /* Main.storyboard in Resources */ = {isa = PBXBuildFile; fileRef = 01B6869F1CD86D5E00FA2321 /* Main.storyboard */; };
		01B686A31CD86D5E00FA2321 /* Assets.xcassets in Resources */ = {isa = PBXBuildFile; fileRef = 01B686A21CD86D5E00FA2321 /* Assets.xcassets */; };
		01B686A61CD86D5E00FA2321 /* LaunchScreen.storyboard in Resources */ = {isa = PBXBuildFile; fileRef = 01B686A41CD86D5E00FA2321 /* LaunchScreen.storyboard */; };
		01B686B11CD86D5E00FA2321 /* sampleTapRecognizerTests.swift in Sources */ = {isa = PBXBuildFile; fileRef = 01B686B01CD86D5E00FA2321 /* sampleTapRecognizerTests.swift */; };
		01B686BC1CD86D5E00FA2321 /* sampleTapRecognizerUITests.swift in Sources */ = {isa = PBXBuildFile; fileRef = 01B686BB1CD86D5E00FA2321 /* sampleTapRecognizerUITests.swift */; };
/* End PBXBuildFile section */

/* Begin PBXContainerItemProxy section */
		01B686AD1CD86D5E00FA2321 /* PBXContainerItemProxy */ = {
			isa = PBXContainerItemProxy;
			containerPortal = 01B686901CD86D5E00FA2321 /* Project object */;
			proxyType = 1;
			remoteGlobalIDString = 01B686971CD86D5E00FA2321;
			remoteInfo = sampleTapRecognizer;
		};
		01B686B81CD86D5E00FA2321 /* PBXContainerItemProxy */ = {
			isa = PBXContainerItemProxy;
			containerPortal = 01B686901CD86D5E00FA2321 /* Project object */;
			proxyType = 1;
			remoteGlobalIDString = 01B686971CD86D5E00FA2321;
			remoteInfo = sampleTapRecognizer;
		};
/* End PBXContainerItemProxy section */

/* Begin PBXFileReference section */
		01B686981CD86D5E00FA2321 /* sampleTapRecognizer.app */ = {isa = PBXFileReference; explicitFileType = wrapper.application; includeInIndex = 0; path = sampleTapRecognizer.app; sourceTree = BUILT_PRODUCTS_DIR; };
		01B6869B1CD86D5E00FA2321 /* AppDelegate.swift */ = {isa = PBXFileReference; lastKnownFileType = sourcecode.swift; path = AppDelegate.swift; sourceTree = "<group>"; };
		01B6869D1CD86D5E00FA2321 /* ViewController.swift */ = {isa = PBXFileReference; lastKnownFileType = sourcecode.swift; path = ViewController.swift; sourceTree = "<group>"; };
		01B686A01CD86D5E00FA2321 /* Base */ = {isa = PBXFileReference; lastKnownFileType = file.storyboard; name = Base; path = Base.lproj/Main.storyboard; sourceTree = "<group>"; };
		01B686A21CD86D5E00FA2321 /* Assets.xcassets */ = {isa = PBXFileReference; lastKnownFileType = folder.assetcatalog; path = Assets.xcassets; sourceTree = "<group>"; };
		01B686A51CD86D5E00FA2321 /* Base */ = {isa = PBXFileReference; lastKnownFileType = file.storyboard; name = Base; path = Base.lproj/LaunchScreen.storyboard; sourceTree = "<group>"; };
		01B686A71CD86D5E00FA2321 /* Info.plist */ = {isa = PBXFileReference; lastKnownFileType = text.plist.xml; path = Info.plist; sourceTree = "<group>"; };
		01B686AC1CD86D5E00FA2321 /* sampleTapRecognizerTests.xctest */ = {isa = PBXFileReference; explicitFileType = wrapper.cfbundle; includeInIndex = 0; path = sampleTapRecognizerTests.xctest; sourceTree = BUILT_PRODUCTS_DIR; };
		01B686B01CD86D5E00FA2321 /* sampleTapRecognizerTests.swift */ = {isa = PBXFileReference; lastKnownFileType = sourcecode.swift; path = sampleTapRecognizerTests.swift; sourceTree = "<group>"; };
		01B686B21CD86D5E00FA2321 /* Info.plist */ = {isa = PBXFileReference; lastKnownFileType = text.plist.xml; path = Info.plist; sourceTree = "<group>"; };
		01B686B71CD86D5E00FA2321 /* sampleTapRecognizerUITests.xctest */ = {isa = PBXFileReference; explicitFileType = wrapper.cfbundle; includeInIndex = 0; path = sampleTapRecognizerUITests.xctest; sourceTree = BUILT_PRODUCTS_DIR; };
		01B686BB1CD86D5E00FA2321 /* sampleTapRecognizerUITests.swift */ = {isa = PBXFileReference; lastKnownFileType = sourcecode.swift; path = sampleTapRecognizerUITests.swift; sourceTree = "<group>"; };
		01B686BD1CD86D5E00FA2321 /* Info.plist */ = {isa = PBXFileReference; lastKnownFileType = text.plist.xml; path = Info.plist; sourceTree = "<group>"; };
/* End PBXFileReference section */

/* Begin PBXFrameworksBuildPhase section */
		01B686951CD86D5E00FA2321 /* Frameworks */ = {
			isa = PBXFrameworksBuildPhase;
			buildActionMask = 2147483647;
			files = (
			);
			runOnlyForDeploymentPostprocessing = 0;
		};
		01B686A91CD86D5E00FA2321 /* Frameworks */ = {
			isa = PBXFrameworksBuildPhase;
			buildActionMask = 2147483647;
			files = (
			);
			runOnlyForDeploymentPostprocessing = 0;
		};
		01B686B41CD86D5E00FA2321 /* Frameworks */ = {
			isa = PBXFrameworksBuildPhase;
			buildActionMask = 2147483647;
			files = (
			);
			runOnlyForDeploymentPostprocessing = 0;
		};
/* End PBXFrameworksBuildPhase section */

/* Begin PBXGroup section */
		01B6868F1CD86D5E00FA2321 = {
			isa = PBXGroup;
			children = (
				01B6869A1CD86D5E00FA2321 /* sampleTapRecognizer */,
				01B686AF1CD86D5E00FA2321 /* sampleTapRecognizerTests */,
				01B686BA1CD86D5E00FA2321 /* sampleTapRecognizerUITests */,
				01B686991CD86D5E00FA2321 /* Products */,
			);
			sourceTree = "<group>";
		};
		01B686991CD86D5E00FA2321 /* Products */ = {
			isa = PBXGroup;
			children = (
				01B686981CD86D5E00FA2321 /* sampleTapRecognizer.app */,
				01B686AC1CD86D5E00FA2321 /* sampleTapRecognizerTests.xctest */,
				01B686B71CD86D5E00FA2321 /* sampleTapRecognizerUITests.xctest */,
			);
			name = Products;
			sourceTree = "<group>";
		};
		01B6869A1CD86D5E00FA2321 /* sampleTapRecognizer */ = {
			isa = PBXGroup;
			children = (
				01B6869B1CD86D5E00FA2321 /* AppDelegate.swift */,
				01B6869D1CD86D5E00FA2321 /* ViewController.swift */,
				01B6869F1CD86D5E00FA2321 /* Main.storyboard */,
				01B686A21CD86D5E00FA2321 /* Assets.xcassets */,
				01B686A41CD86D5E00FA2321 /* LaunchScreen.storyboard */,
				01B686A71CD86D5E00FA2321 /* Info.plist */,
			);
			path = sampleTapRecognizer;
			sourceTree = "<group>";
		};
		01B686AF1CD86D5E00FA2321 /* sampleTapRecognizerTests */ = {
			isa = PBXGroup;
			children = (
				01B686B01CD86D5E00FA2321 /* sampleTapRecognizerTests.swift */,
				01B686B21CD86D5E00FA2321 /* Info.plist */,
			);
			path = sampleTapRecognizerTests;
			sourceTree = "<group>";
		};
		01B686BA1CD86D5E00FA2321 /* sampleTapRecognizerUITests */ = {
			isa = PBXGroup;
			children = (
				01B686BB1CD86D5E00FA2321 /* sampleTapRecognizerUITests.swift */,
				01B686BD1CD86D5E00FA2321 /* Info.plist */,
			);
			path = sampleTapRecognizerUITests;
			sourceTree = "<group>";
		};
/* End PBXGroup section */

/* Begin PBXNativeTarget section */
		01B686971CD86D5E00FA2321 /* sampleTapRecognizer */ = {
			isa = PBXNativeTarget;
			buildConfigurationList = 01B686C01CD86D5E00FA2321 /* Build configuration list for PBXNativeTarget "sampleTapRecognizer" */;
			buildPhases = (
				01B686941CD86D5E00FA2321 /* Sources */,
				01B686951CD86D5E00FA2321 /* Frameworks */,
				01B686961CD86D5E00FA2321 /* Resources */,
			);
			buildRules = (
			);
			dependencies = (
			);
			name = sampleTapRecognizer;
			productName = sampleTapRecognizer;
			productReference = 01B686981CD86D5E00FA2321 /* sampleTapRecognizer.app */;
			productType = "com.apple.product-type.application";
		};
		01B686AB1CD86D5E00FA2321 /* sampleTapRecognizerTests */ = {
			isa = PBXNativeTarget;
			buildConfigurationList = 01B686C31CD86D5E00FA2321 /* Build configuration list for PBXNativeTarget "sampleTapRecognizerTests" */;
			buildPhases = (
				01B686A81CD86D5E00FA2321 /* Sources */,
				01B686A91CD86D5E00FA2321 /* Frameworks */,
				01B686AA1CD86D5E00FA2321 /* Resources */,
			);
			buildRules = (
			);
			dependencies = (
				01B686AE1CD86D5E00FA2321 /* PBXTargetDependency */,
			);
			name = sampleTapRecognizerTests;
			productName = sampleTapRecognizerTests;
			productReference = 01B686AC1CD86D5E00FA2321 /* sampleTapRecognizerTests.xctest */;
			productType = "com.apple.product-type.bundle.unit-test";
		};
		01B686B61CD86D5E00FA2321 /* sampleTapRecognizerUITests */ = {
			isa = PBXNativeTarget;
			buildConfigurationList = 01B686C61CD86D5E00FA2321 /* Build configuration list for PBXNativeTarget "sampleTapRecognizerUITests" */;
			buildPhases = (
				01B686B31CD86D5E00FA2321 /* Sources */,
				01B686B41CD86D5E00FA2321 /* Frameworks */,
				01B686B51CD86D5E00FA2321 /* Resources */,
			);
			buildRules = (
			);
			dependencies = (
				01B686B91CD86D5E00FA2321 /* PBXTargetDependency */,
			);
			name = sampleTapRecognizerUITests;
			productName = sampleTapRecognizerUITests;
			productReference = 01B686B71CD86D5E00FA2321 /* sampleTapRecognizerUITests.xctest */;
			productType = "com.apple.product-type.bundle.ui-testing";
		};
/* End PBXNativeTarget section */

/* Begin PBXProject section */
		01B686901CD86D5E00FA2321 /* Project object */ = {
			isa = PBXProject;
			attributes = {
				LastSwiftUpdateCheck = 0730;
				LastUpgradeCheck = 0730;
				ORGANIZATIONNAME = "AI Matsubara";
				TargetAttributes = {
					01B686971CD86D5E00FA2321 = {
						CreatedOnToolsVersion = 7.3;
					};
					01B686AB1CD86D5E00FA2321 = {
						CreatedOnToolsVersion = 7.3;
						TestTargetID = 01B686971CD86D5E00FA2321;
					};
					01B686B61CD86D5E00FA2321 = {
						CreatedOnToolsVersion = 7.3;
						TestTargetID = 01B686971CD86D5E00FA2321;
					};
				};
			};
			buildConfigurationList = 01B686931CD86D5E00FA2321 /* Build configuration list for PBXProject "sampleTapRecognizer" */;
			compatibilityVersion = "Xcode 3.2";
			developmentRegion = English;
			hasScannedForEncodings = 0;
			knownRegions = (
				en,
				Base,
			);
			mainGroup = 01B6868F1CD86D5E00FA2321;
			productRefGroup = 01B686991CD86D5E00FA2321 /* Products */;
			projectDirPath = "";
			projectRoot = "";
			targets = (
				01B686971CD86D5E00FA2321 /* sampleTapRecognizer */,
				01B686AB1CD86D5E00FA2321 /* sampleTapRecognizerTests */,
				01B686B61CD86D5E00FA2321 /* sampleTapRecognizerUITests */,
			);
		};
/* End PBXProject section */

/* Begin PBXResourcesBuildPhase section */
		01B686961CD86D5E00FA2321 /* Resources */ = {
			isa = PBXResourcesBuildPhase;
			buildActionMask = 2147483647;
			files = (
				01B686A61CD86D5E00FA2321 /* LaunchScreen.storyboard in Resources */,
				01B686A31CD86D5E00FA2321 /* Assets.xcassets in Resources */,
				01B686A11CD86D5E00FA2321 /* Main.storyboard in Resources */,
			);
			runOnlyForDeploymentPostprocessing = 0;
		};
		01B686AA1CD86D5E00FA2321 /* Resources */ = {
			isa = PBXResourcesBuildPhase;
			buildActionMask = 2147483647;
			files = (
			);
			runOnlyForDeploymentPostprocessing = 0;
		};
		01B686B51CD86D5E00FA2321 /* Resources */ = {
			isa = PBXResourcesBuildPhase;
			buildActionMask = 2147483647;
			files = (
			);
			runOnlyForDeploymentPostprocessing = 0;
		};
/* End PBXResourcesBuildPhase section */

/* Begin PBXSourcesBuildPhase section */
		01B686941CD86D5E00FA2321 /* Sources */ = {
			isa = PBXSourcesBuildPhase;
			buildActionMask = 2147483647;
			files = (
				01B6869E1CD86D5E00FA2321 /* ViewController.swift in Sources */,
				01B6869C1CD86D5E00FA2321 /* AppDelegate.swift in Sources */,
			);
			runOnlyForDeploymentPostprocessing = 0;
		};
		01B686A81CD86D5E00FA2321 /* Sources */ = {
			isa = PBXSourcesBuildPhase;
			buildActionMask = 2147483647;
			files = (
				01B686B11CD86D5E00FA2321 /* sampleTapRecognizerTests.swift in Sources */,
			);
			runOnlyForDeploymentPostprocessing = 0;
		};
		01B686B31CD86D5E00FA2321 /* Sources */ = {
			isa = PBXSourcesBuildPhase;
			buildActionMask = 2147483647;
			files = (
				01B686BC1CD86D5E00FA2321 /* sampleTapRecognizerUITests.swift in Sources */,
			);
			runOnlyForDeploymentPostprocessing = 0;
		};
/* End PBXSourcesBuildPhase section */

/* Begin PBXTargetDependency section */
		01B686AE1CD86D5E00FA2321 /* PBXTargetDependency */ = {
			isa = PBXTargetDependency;
			target = 01B686971CD86D5E00FA2321 /* sampleTapRecognizer */;
			targetProxy = 01B686AD1CD86D5E00FA2321 /* PBXContainerItemProxy */;
		};
		01B686B91CD86D5E00FA2321 /* PBXTargetDependency */ = {
			isa = PBXTargetDependency;
			target = 01B686971CD86D5E00FA2321 /* sampleTapRecognizer */;
			targetProxy = 01B686B81CD86D5E00FA2321 /* PBXContainerItemProxy */;
		};
/* End PBXTargetDependency section */

/* Begin PBXVariantGroup section */
		01B6869F1CD86D5E00FA2321 /* Main.storyboard */ = {
			isa = PBXVariantGroup;
			children = (
				01B686A01CD86D5E00FA2321 /* Base */,
			);
			name = Main.storyboard;
			sourceTree = "<group>";
		};
		01B686A41CD86D5E00FA2321 /* LaunchScreen.storyboard */ = {
			isa = PBXVariantGroup;
			children = (
				01B686A51CD86D5E00FA2321 /* Base */,
			);
			name = LaunchScreen.storyboard;
			sourceTree = "<group>";
		};
/* End PBXVariantGroup section */

/* Begin XCBuildConfiguration section */
		01B686BE1CD86D5E00FA2321 /* Debug */ = {
			isa = XCBuildConfiguration;
			buildSettings = {
				ALWAYS_SEARCH_USER_PATHS = NO;
				CLANG_ANALYZER_NONNULL = YES;
				CLANG_CXX_LANGUAGE_STANDARD = "gnu++0x";
				CLANG_CXX_LIBRARY = "libc++";
				CLANG_ENABLE_MODULES = YES;
				CLANG_ENABLE_OBJC_ARC = YES;
				CLANG_WARN_BOOL_CONVERSION = YES;
				CLANG_WARN_CONSTANT_CONVERSION = YES;
				CLANG_WARN_DIRECT_OBJC_ISA_USAGE = YES_ERROR;
				CLANG_WARN_EMPTY_BODY = YES;
				CLANG_WARN_ENUM_CONVERSION = YES;
				CLANG_WARN_INT_CONVERSION = YES;
				CLANG_WARN_OBJC_ROOT_CLASS = YES_ERROR;
				CLANG_WARN_UNREACHABLE_CODE = YES;
				CLANG_WARN__DUPLICATE_METHOD_MATCH = YES;
				"CODE_SIGN_IDENTITY[sdk=iphoneos*]" = "iPhone Developer";
				COPY_PHASE_STRIP = NO;
				DEBUG_INFORMATION_FORMAT = dwarf;
				ENABLE_STRICT_OBJC_MSGSEND = YES;
				ENABLE_TESTABILITY = YES;
				GCC_C_LANGUAGE_STANDARD = gnu99;
				GCC_DYNAMIC_NO_PIC = NO;
				GCC_NO_COMMON_BLOCKS = YES;
				GCC_OPTIMIZATION_LEVEL = 0;
				GCC_PREPROCESSOR_DEFINITIONS = (
					"DEBUG=1",
					"$(inherited)",
				);
				GCC_WARN_64_TO_32_BIT_CONVERSION = YES;
				GCC_WARN_ABOUT_RETURN_TYPE = YES_ERROR;
				GCC_WARN_UNDECLARED_SELECTOR = YES;
				GCC_WARN_UNINITIALIZED_AUTOS = YES_AGGRESSIVE;
				GCC_WARN_UNUSED_FUNCTION = YES;
				GCC_WARN_UNUSED_VARIABLE = YES;
				IPHONEOS_DEPLOYMENT_TARGET = 9.3;
				MTL_ENABLE_DEBUG_INFO = YES;
				ONLY_ACTIVE_ARCH = YES;
				SDKROOT = iphoneos;
				SWIFT_OPTIMIZATION_LEVEL = "-Onone";
			};
			name = Debug;
		};
		01B686BF1CD86D5E00FA2321 /* Release */ = {
			isa = XCBuildConfiguration;
			buildSettings = {
				ALWAYS_SEARCH_USER_PATHS = NO;
				CLANG_ANALYZER_NONNULL = YES;
				CLANG_CXX_LANGUAGE_STANDARD = "gnu++0x";
				CLANG_CXX_LIBRARY = "libc++";
				CLANG_ENABLE_MODULES = YES;
				CLANG_ENABLE_OBJC_ARC = YES;
				CLANG_WARN_BOOL_CONVERSION = YES;
				CLANG_WARN_CONSTANT_CONVERSION = YES;
				CLANG_WARN_DIRECT_OBJC_ISA_USAGE = YES_ERROR;
				CLANG_WARN_EMPTY_BODY = YES;
				CLANG_WARN_ENUM_CONVERSION = YES;
				CLANG_WARN_INT_CONVERSION = YES;
				CLANG_WARN_OBJC_ROOT_CLASS = YES_ERROR;
				CLANG_WARN_UNREACHABLE_CODE = YES;
				CLANG_WARN__DUPLICATE_METHOD_MATCH = YES;
				"CODE_SIGN_IDENTITY[sdk=iphoneos*]" = "iPhone Developer";
				COPY_PHASE_STRIP = NO;
				DEBUG_INFORMATION_FORMAT = "dwarf-with-dsym";
				ENABLE_NS_ASSERTIONS = NO;
				ENABLE_STRICT_OBJC_MSGSEND = YES;
				GCC_C_LANGUAGE_STANDARD = gnu99;
				GCC_NO_COMMON_BLOCKS = YES;
				GCC_WARN_64_TO_32_BIT_CONVERSION = YES;
				GCC_WARN_ABOUT_RETURN_TYPE = YES_ERROR;
				GCC_WARN_UNDECLARED_SELECTOR = YES;
				GCC_WARN_UNINITIALIZED_AUTOS = YES_AGGRESSIVE;
				GCC_WARN_UNUSED_FUNCTION = YES;
				GCC_WARN_UNUSED_VARIABLE = YES;
				IPHONEOS_DEPLOYMENT_TARGET = 9.3;
				MTL_ENABLE_DEBUG_INFO = NO;
				SDKROOT = iphoneos;
				VALIDATE_PRODUCT = YES;
			};
			name = Release;
		};
		01B686C11CD86D5E00FA2321 /* Debug */ = {
			isa = XCBuildConfiguration;
			buildSettings = {
				ASSETCATALOG_COMPILER_APPICON_NAME = AppIcon;
				INFOPLIST_FILE = sampleTapRecognizer/Info.plist;
				LD_RUNPATH_SEARCH_PATHS = "$(inherited) @executable_path/Frameworks";
				PRODUCT_BUNDLE_IDENTIFIER = com.aiai.sampleTapRecognizer;
				PRODUCT_NAME = "$(TARGET_NAME)";
			};
			name = Debug;
		};
		01B686C21CD86D5E00FA2321 /* Release */ = {
			isa = XCBuildConfiguration;
			buildSettings = {
				ASSETCATALOG_COMPILER_APPICON_NAME = AppIcon;
				INFOPLIST_FILE = sampleTapRecognizer/Info.plist;
				LD_RUNPATH_SEARCH_PATHS = "$(inherited) @executable_path/Frameworks";
				PRODUCT_BUNDLE_IDENTIFIER = com.aiai.sampleTapRecognizer;
				PRODUCT_NAME = "$(TARGET_NAME)";
			};
			name = Release;
		};
		01B686C41CD86D5E00FA2321 /* Debug */ = {
			isa = XCBuildConfiguration;
			buildSettings = {
				BUNDLE_LOADER = "$(TEST_HOST)";
				INFOPLIST_FILE = sampleTapRecognizerTests/Info.plist;
				LD_RUNPATH_SEARCH_PATHS = "$(inherited) @executable_path/Frameworks @loader_path/Frameworks";
				PRODUCT_BUNDLE_IDENTIFIER = com.aiai.sampleTapRecognizerTests;
				PRODUCT_NAME = "$(TARGET_NAME)";
				TEST_HOST = "$(BUILT_PRODUCTS_DIR)/sampleTapRecognizer.app/sampleTapRecognizer";
			};
			name = Debug;
		};
		01B686C51CD86D5E00FA2321 /* Release */ = {
			isa = XCBuildConfiguration;
			buildSettings = {
				BUNDLE_LOADER = "$(TEST_HOST)";
				INFOPLIST_FILE = sampleTapRecognizerTests/Info.plist;
				LD_RUNPATH_SEARCH_PATHS = "$(inherited) @executable_path/Frameworks @loader_path/Frameworks";
				PRODUCT_BUNDLE_IDENTIFIER = com.aiai.sampleTapRecognizerTests;
				PRODUCT_NAME = "$(TARGET_NAME)";
				TEST_HOST = "$(BUILT_PRODUCTS_DIR)/sampleTapRecognizer.app/sampleTapRecognizer";
			};
			name = Release;
		};
		01B686C71CD86D5E00FA2321 /* Debug */ = {
			isa = XCBuildConfiguration;
			buildSettings = {
				INFOPLIST_FILE = sampleTapRecognizerUITests/Info.plist;
				LD_RUNPATH_SEARCH_PATHS = "$(inherited) @executable_path/Frameworks @loader_path/Frameworks";
				PRODUCT_BUNDLE_IDENTIFIER = com.aiai.sampleTapRecognizerUITests;
				PRODUCT_NAME = "$(TARGET_NAME)";
				TEST_TARGET_NAME = sampleTapRecognizer;
			};
			name = Debug;
		};
		01B686C81CD86D5E00FA2321 /* Release */ = {
			isa = XCBuildConfiguration;
			buildSettings = {
				INFOPLIST_FILE = sampleTapRecognizerUITests/Info.plist;
				LD_RUNPATH_SEARCH_PATHS = "$(inherited) @executable_path/Frameworks @loader_path/Frameworks";
				PRODUCT_BUNDLE_IDENTIFIER = com.aiai.sampleTapRecognizerUITests;
				PRODUCT_NAME = "$(TARGET_NAME)";
				TEST_TARGET_NAME = sampleTapRecognizer;
			};
			name = Release;
		};
/* End XCBuildConfiguration section */

/* Begin XCConfigurationList section */
		01B686931CD86D5E00FA2321 /* Build configuration list for PBXProject "sampleTapRecognizer" */ = {
			isa = XCConfigurationList;
			buildConfigurations = (
				01B686BE1CD86D5E00FA2321 /* Debug */,
				01B686BF1CD86D5E00FA2321 /* Release */,
			);
			defaultConfigurationIsVisible = 0;
			defaultConfigurationName = Release;
		};
		01B686C01CD86D5E00FA2321 /* Build configuration list for PBXNativeTarget "sampleTapRecognizer" */ = {
			isa = XCConfigurationList;
			buildConfigurations = (
				01B686C11CD86D5E00FA2321 /* Debug */,
				01B686C21CD86D5E00FA2321 /* Release */,
			);
			defaultConfigurationIsVisible = 0;
		};
		01B686C31CD86D5E00FA2321 /* Build configuration list for PBXNativeTarget "sampleTapRecognizerTests" */ = {
			isa = XCConfigurationList;
			buildConfigurations = (
				01B686C41CD86D5E00FA2321 /* Debug */,
				01B686C51CD86D5E00FA2321 /* Release */,
			);
			defaultConfigurationIsVisible = 0;
		};
		01B686C61CD86D5E00FA2321 /* Build configuration list for PBXNativeTarget "sampleTapRecognizerUITests" */ = {
			isa = XCConfigurationList;
			buildConfigurations = (
				01B686C71CD86D5E00FA2321 /* Debug */,
				01B686C81CD86D5E00FA2321 /* Release */,
			);
			defaultConfigurationIsVisible = 0;
		};
/* End XCConfigurationList section */
	};
	rootObject = 01B686901CD86D5E00FA2321 /* Project object */;
}
